
Microsoft Visual Studio Solution File, Format Version 11.00
# Visual Studio 2010
Project("{FAE04EC0-301F-11D3-BF4B-00C04F79EFBC}") = "helix JumP", "Assembly-CSharp.csproj", "{D379255D-3912-D5AA-6208-66FFACB1BD4F}"
EndProject
Global
	GlobalSection(SolutionConfigurationPlatforms) = preSolution
		Debug|Any CPU = Debug|Any CPU
		Release|Any CPU = Release|Any CPU
	EndGlobalSection
	GlobalSection(ProjectConfigurationPlatforms) = postSolution
		{D379255D-3912-D5AA-6208-66FFACB1BD4F}.Debug|Any CPU.ActiveCfg = Debug|Any CPU
		{D379255D-3912-D5AA-6208-66FFACB1BD4F}.Debug|Any CPU.Build.0 = Debug|Any CPU
		{D379255D-3912-D5AA-6208-66FFACB1BD4F}.Release|Any CPU.ActiveCfg = Release|Any CPU
		{D379255D-3912-D5AA-6208-66FFACB1BD4F}.Release|Any CPU.Build.0 = Release|Any CPU
	EndGlobalSection
	GlobalSection(SolutionProperties) = preSolution
		HideSolutionNode = FALSE
	EndGlobalSection
	GlobalSection(MonoDevelopProperties) = preSolution
		StartupItem = Assembly-CSharp.csproj
	EndGlobalSection
EndGlobal
